
Microsoft Visual Studio Solution File, Format Version 12.00
# Visual Studio Version 17
VisualStudioVersion = 17.0.31903.59
MinimumVisualStudioVersion = 15.0.26124.0
Project("{9A19103F-16F7-4668-BE54-9A1E7A4F7556}") = "NCoreUtils.Videos.Abstractions", "NCoreUtils.Videos.Abstractions\NCoreUtils.Videos.Abstractions.csproj", "{002248D3-332E-42C1-B792-905253AF726B}"
EndProject
Project("{9A19103F-16F7-4668-BE54-9A1E7A4F7556}") = "NCoreUtils.Videos.Shared", "NCoreUtils.Videos.Shared\NCoreUtils.Videos.Shared.csproj", "{51D6334A-49C4-4ED4-9E8A-A468E1F2DBE5}"
EndProject
Project("{9A19103F-16F7-4668-BE54-9A1E7A4F7556}") = "NCoreUtils.Videos.WebService", "NCoreUtils.Videos.WebService\NCoreUtils.Videos.WebService.csproj", "{3EF490BA-A3A9-4D71-A2E9-F2FB8E45ABC7}"
EndProject
Project("{9A19103F-16F7-4668-BE54-9A1E7A4F7556}") = "NCoreUtils.Videos.WebService.Client", "NCoreUtils.Videos.WebService.Client\NCoreUtils.Videos.WebService.Client.csproj", "{815A08B9-621E-43C9-9E59-643F536444DD}"
EndProject
Project("{9A19103F-16F7-4668-BE54-9A1E7A4F7556}") = "NCoreUtils.Videos.WebService.Client.Debug", "NCoreUtils.Videos.WebService.Client.Debug\NCoreUtils.Videos.WebService.Client.Debug.csproj", "{21506974-9A22-401A-8D5F-02C5B1EA8517}"
EndProject
Project("{9A19103F-16F7-4668-BE54-9A1E7A4F7556}") = "NCoreUtils.Videos.WebService.Core", "NCoreUtils.Videos.WebService.Core\NCoreUtils.Videos.WebService.Core.csproj", "{7E0CF2CF-25AA-44E1-8626-041EFF3093A9}"
EndProject
Project("{9A19103F-16F7-4668-BE54-9A1E7A4F7556}") = "NCoreUtils.Videos.WebService.ResourceFactory.GoogleCloudStorage", "NCoreUtils.Videos.WebService.ResourceFactory.GoogleCloudStorage\NCoreUtils.Videos.WebService.ResourceFactory.GoogleCloudStorage.csproj", "{BE997C20-9E97-4A4D-A77D-8176C03A13E7}"
EndProject
Global
	GlobalSection(SolutionConfigurationPlatforms) = preSolution
		Debug|Any CPU = Debug|Any CPU
		Debug|x64 = Debug|x64
		Debug|x86 = Debug|x86
		Release|Any CPU = Release|Any CPU
		Release|x64 = Release|x64
		Release|x86 = Release|x86
	EndGlobalSection
	GlobalSection(ProjectConfigurationPlatforms) = postSolution
		{002248D3-332E-42C1-B792-905253AF726B}.Debug|Any CPU.ActiveCfg = Debug|Any CPU
		{002248D3-332E-42C1-B792-905253AF726B}.Debug|Any CPU.Build.0 = Debug|Any CPU
		{002248D3-332E-42C1-B792-905253AF726B}.Debug|x64.ActiveCfg = Debug|Any CPU
		{002248D3-332E-42C1-B792-905253AF726B}.Debug|x64.Build.0 = Debug|Any CPU
		{002248D3-332E-42C1-B792-905253AF726B}.Debug|x86.ActiveCfg = Debug|Any CPU
		{002248D3-332E-42C1-B792-905253AF726B}.Debug|x86.Build.0 = Debug|Any CPU
		{002248D3-332E-42C1-B792-905253AF726B}.Release|Any CPU.ActiveCfg = Release|Any CPU
		{002248D3-332E-42C1-B792-905253AF726B}.Release|Any CPU.Build.0 = Release|Any CPU
		{002248D3-332E-42C1-B792-905253AF726B}.Release|x64.ActiveCfg = Release|Any CPU
		{002248D3-332E-42C1-B792-905253AF726B}.Release|x64.Build.0 = Release|Any CPU
		{002248D3-332E-42C1-B792-905253AF726B}.Release|x86.ActiveCfg = Release|Any CPU
		{002248D3-332E-42C1-B792-905253AF726B}.Release|x86.Build.0 = Release|Any CPU
		{51D6334A-49C4-4ED4-9E8A-A468E1F2DBE5}.Debug|Any CPU.ActiveCfg = Debug|Any CPU
		{51D6334A-49C4-4ED4-9E8A-A468E1F2DBE5}.Debug|Any CPU.Build.0 = Debug|Any CPU
		{51D6334A-49C4-4ED4-9E8A-A468E1F2DBE5}.Debug|x64.ActiveCfg = Debug|Any CPU
		{51D6334A-49C4-4ED4-9E8A-A468E1F2DBE5}.Debug|x64.Build.0 = Debug|Any CPU
		{51D6334A-49C4-4ED4-9E8A-A468E1F2DBE5}.Debug|x86.ActiveCfg = Debug|Any CPU
		{51D6334A-49C4-4ED4-9E8A-A468E1F2DBE5}.Debug|x86.Build.0 = Debug|Any CPU
		{51D6334A-49C4-4ED4-9E8A-A468E1F2DBE5}.Release|Any CPU.ActiveCfg = Release|Any CPU
		{51D6334A-49C4-4ED4-9E8A-A468E1F2DBE5}.Release|Any CPU.Build.0 = Release|Any CPU
		{51D6334A-49C4-4ED4-9E8A-A468E1F2DBE5}.Release|x64.ActiveCfg = Release|Any CPU
		{51D6334A-49C4-4ED4-9E8A-A468E1F2DBE5}.Release|x64.Build.0 = Release|Any CPU
		{51D6334A-49C4-4ED4-9E8A-A468E1F2DBE5}.Release|x86.ActiveCfg = Release|Any CPU
		{51D6334A-49C4-4ED4-9E8A-A468E1F2DBE5}.Release|x86.Build.0 = Release|Any CPU
		{3EF490BA-A3A9-4D71-A2E9-F2FB8E45ABC7}.Debug|Any CPU.ActiveCfg = Debug|Any CPU
		{3EF490BA-A3A9-4D71-A2E9-F2FB8E45ABC7}.Debug|Any CPU.Build.0 = Debug|Any CPU
		{3EF490BA-A3A9-4D71-A2E9-F2FB8E45ABC7}.Debug|x64.ActiveCfg = Debug|Any CPU
		{3EF490BA-A3A9-4D71-A2E9-F2FB8E45ABC7}.Debug|x64.Build.0 = Debug|Any CPU
		{3EF490BA-A3A9-4D71-A2E9-F2FB8E45ABC7}.Debug|x86.ActiveCfg = Debug|Any CPU
		{3EF490BA-A3A9-4D71-A2E9-F2FB8E45ABC7}.Debug|x86.Build.0 = Debug|Any CPU
		{3EF490BA-A3A9-4D71-A2E9-F2FB8E45ABC7}.Release|Any CPU.ActiveCfg = Release|Any CPU
		{3EF490BA-A3A9-4D71-A2E9-F2FB8E45ABC7}.Release|Any CPU.Build.0 = Release|Any CPU
		{3EF490BA-A3A9-4D71-A2E9-F2FB8E45ABC7}.Release|x64.ActiveCfg = Release|Any CPU
		{3EF490BA-A3A9-4D71-A2E9-F2FB8E45ABC7}.Release|x64.Build.0 = Release|Any CPU
		{3EF490BA-A3A9-4D71-A2E9-F2FB8E45ABC7}.Release|x86.ActiveCfg = Release|Any CPU
		{3EF490BA-A3A9-4D71-A2E9-F2FB8E45ABC7}.Release|x86.Build.0 = Release|Any CPU
		{815A08B9-621E-43C9-9E59-643F536444DD}.Debug|Any CPU.ActiveCfg = Debug|Any CPU
		{815A08B9-621E-43C9-9E59-643F536444DD}.Debug|Any CPU.Build.0 = Debug|Any CPU
		{815A08B9-621E-43C9-9E59-643F536444DD}.Debug|x64.ActiveCfg = Debug|Any CPU
		{815A08B9-621E-43C9-9E59-643F536444DD}.Debug|x64.Build.0 = Debug|Any CPU
		{815A08B9-621E-43C9-9E59-643F536444DD}.Debug|x86.ActiveCfg = Debug|Any CPU
		{815A08B9-621E-43C9-9E59-643F536444DD}.Debug|x86.Build.0 = Debug|Any CPU
		{815A08B9-621E-43C9-9E59-643F536444DD}.Release|Any CPU.ActiveCfg = Release|Any CPU
		{815A08B9-621E-43C9-9E59-643F536444DD}.Release|Any CPU.Build.0 = Release|Any CPU
		{815A08B9-621E-43C9-9E59-643F536444DD}.Release|x64.ActiveCfg = Release|Any CPU
		{815A08B9-621E-43C9-9E59-643F536444DD}.Release|x64.Build.0 = Release|Any CPU
		{815A08B9-621E-43C9-9E59-643F536444DD}.Release|x86.ActiveCfg = Release|Any CPU
		{815A08B9-621E-43C9-9E59-643F536444DD}.Release|x86.Build.0 = Release|Any CPU
		{21506974-9A22-401A-8D5F-02C5B1EA8517}.Debug|Any CPU.ActiveCfg = Debug|Any CPU
		{21506974-9A22-401A-8D5F-02C5B1EA8517}.Debug|Any CPU.Build.0 = Debug|Any CPU
		{21506974-9A22-401A-8D5F-02C5B1EA8517}.Debug|x64.ActiveCfg = Debug|Any CPU
		{21506974-9A22-401A-8D5F-02C5B1EA8517}.Debug|x64.Build.0 = Debug|Any CPU
		{21506974-9A22-401A-8D5F-02C5B1EA8517}.Debug|x86.ActiveCfg = Debug|Any CPU
		{21506974-9A22-401A-8D5F-02C5B1EA8517}.Debug|x86.Build.0 = Debug|Any CPU
		{21506974-9A22-401A-8D5F-02C5B1EA8517}.Release|Any CPU.ActiveCfg = Release|Any CPU
		{21506974-9A22-401A-8D5F-02C5B1EA8517}.Release|Any CPU.Build.0 = Release|Any CPU
		{21506974-9A22-401A-8D5F-02C5B1EA8517}.Release|x64.ActiveCfg = Release|Any CPU
		{21506974-9A22-401A-8D5F-02C5B1EA8517}.Release|x64.Build.0 = Release|Any CPU
		{21506974-9A22-401A-8D5F-02C5B1EA8517}.Release|x86.ActiveCfg = Release|Any CPU
		{21506974-9A22-401A-8D5F-02C5B1EA8517}.Release|x86.Build.0 = Release|Any CPU
		{7E0CF2CF-25AA-44E1-8626-041EFF3093A9}.Debug|Any CPU.ActiveCfg = Debug|Any CPU
		{7E0CF2CF-25AA-44E1-8626-041EFF3093A9}.Debug|Any CPU.Build.0 = Debug|Any CPU
		{7E0CF2CF-25AA-44E1-8626-041EFF3093A9}.Debug|x64.ActiveCfg = Debug|Any CPU
		{7E0CF2CF-25AA-44E1-8626-041EFF3093A9}.Debug|x64.Build.0 = Debug|Any CPU
		{7E0CF2CF-25AA-44E1-8626-041EFF3093A9}.Debug|x86.ActiveCfg = Debug|Any CPU
		{7E0CF2CF-25AA-44E1-8626-041EFF3093A9}.Debug|x86.Build.0 = Debug|Any CPU
		{7E0CF2CF-25AA-44E1-8626-041EFF3093A9}.Release|Any CPU.ActiveCfg = Release|Any CPU
		{7E0CF2CF-25AA-44E1-8626-041EFF3093A9}.Release|Any CPU.Build.0 = Release|Any CPU
		{7E0CF2CF-25AA-44E1-8626-041EFF3093A9}.Release|x64.ActiveCfg = Release|Any CPU
		{7E0CF2CF-25AA-44E1-8626-041EFF3093A9}.Release|x64.Build.0 = Release|Any CPU
		{7E0CF2CF-25AA-44E1-8626-041EFF3093A9}.Release|x86.ActiveCfg = Release|Any CPU
		{7E0CF2CF-25AA-44E1-8626-041EFF3093A9}.Release|x86.Build.0 = Release|Any CPU
		{BE997C20-9E97-4A4D-A77D-8176C03A13E7}.Debug|Any CPU.ActiveCfg = Debug|Any CPU
		{BE997C20-9E97-4A4D-A77D-8176C03A13E7}.Debug|Any CPU.Build.0 = Debug|Any CPU
		{BE997C20-9E97-4A4D-A77D-8176C03A13E7}.Debug|x64.ActiveCfg = Debug|Any CPU
		{BE997C20-9E97-4A4D-A77D-8176C03A13E7}.Debug|x64.Build.0 = Debug|Any CPU
		{BE997C20-9E97-4A4D-A77D-8176C03A13E7}.Debug|x86.ActiveCfg = Debug|Any CPU
		{BE997C20-9E97-4A4D-A77D-8176C03A13E7}.Debug|x86.Build.0 = Debug|Any CPU
		{BE997C20-9E97-4A4D-A77D-8176C03A13E7}.Release|Any CPU.ActiveCfg = Release|Any CPU
		{BE997C20-9E97-4A4D-A77D-8176C03A13E7}.Release|Any CPU.Build.0 = Release|Any CPU
		{BE997C20-9E97-4A4D-A77D-8176C03A13E7}.Release|x64.ActiveCfg = Release|Any CPU
		{BE997C20-9E97-4A4D-A77D-8176C03A13E7}.Release|x64.Build.0 = Release|Any CPU
		{BE997C20-9E97-4A4D-A77D-8176C03A13E7}.Release|x86.ActiveCfg = Release|Any CPU
		{BE997C20-9E97-4A4D-A77D-8176C03A13E7}.Release|x86.Build.0 = Release|Any CPU
	EndGlobalSection
	GlobalSection(SolutionProperties) = preSolution
		HideSolutionNode = FALSE
	EndGlobalSection
	GlobalSection(ExtensibilityGlobals) = postSolution
		SolutionGuid = {0D48B5BD-D27A-4DC7-84C9-FE44A7C2E331}
	EndGlobalSection
EndGlobal
