
Microsoft Visual Studio Solution File, Format Version 12.00
# Visual Studio 15
VisualStudioVersion = 15.0.26124.0
MinimumVisualStudioVersion = 15.0.26124.0
Project("{FAE04EC0-301F-11D3-BF4B-00C04F79EFBC}") = "NCoreUtils.Videos.Abstractions", "NCoreUtils.Videos.Abstractions\NCoreUtils.Videos.Abstractions.csproj", "{002248D3-332E-42C1-B792-905253AF726B}"
EndProject
Project("{FAE04EC0-301F-11D3-BF4B-00C04F79EFBC}") = "NCoreUtils.Videos.Shared", "NCoreUtils.Videos.Shared\NCoreUtils.Videos.Shared.csproj", "{51D6334A-49C4-4ED4-9E8A-A468E1F2DBE5}"
EndProject
Project("{FAE04EC0-301F-11D3-BF4B-00C04F79EFBC}") = "NCoreUtils.Videos.WebService", "NCoreUtils.Videos.WebService\NCoreUtils.Videos.WebService.csproj", "{3EF490BA-A3A9-4D71-A2E9-F2FB8E45ABC7}"
EndProject
Project("{FAE04EC0-301F-11D3-BF4B-00C04F79EFBC}") = "NCoreUtils.Videos.WebService.Client", "NCoreUtils.Videos.WebService.Client\NCoreUtils.Videos.WebService.Client.csproj", "{815A08B9-621E-43C9-9E59-643F536444DD}"
EndProject
Global
	GlobalSection(SolutionConfigurationPlatforms) = preSolution
		Debug|Any CPU = Debug|Any CPU
		Debug|x64 = Debug|x64
		Debug|x86 = Debug|x86
		Release|Any CPU = Release|Any CPU
		Release|x64 = Release|x64
		Release|x86 = Release|x86
	EndGlobalSection
	GlobalSection(SolutionProperties) = preSolution
		HideSolutionNode = FALSE
	EndGlobalSection
	GlobalSection(ProjectConfigurationPlatforms) = postSolution
		{002248D3-332E-42C1-B792-905253AF726B}.Debug|Any CPU.ActiveCfg = Debug|Any CPU
		{002248D3-332E-42C1-B792-905253AF726B}.Debug|Any CPU.Build.0 = Debug|Any CPU
		{002248D3-332E-42C1-B792-905253AF726B}.Debug|x64.ActiveCfg = Debug|Any CPU
		{002248D3-332E-42C1-B792-905253AF726B}.Debug|x64.Build.0 = Debug|Any CPU
		{002248D3-332E-42C1-B792-905253AF726B}.Debug|x86.ActiveCfg = Debug|Any CPU
		{002248D3-332E-42C1-B792-905253AF726B}.Debug|x86.Build.0 = Debug|Any CPU
		{002248D3-332E-42C1-B792-905253AF726B}.Release|Any CPU.ActiveCfg = Release|Any CPU
		{002248D3-332E-42C1-B792-905253AF726B}.Release|Any CPU.Build.0 = Release|Any CPU
		{002248D3-332E-42C1-B792-905253AF726B}.Release|x64.ActiveCfg = Release|Any CPU
		{002248D3-332E-42C1-B792-905253AF726B}.Release|x64.Build.0 = Release|Any CPU
		{002248D3-332E-42C1-B792-905253AF726B}.Release|x86.ActiveCfg = Release|Any CPU
		{002248D3-332E-42C1-B792-905253AF726B}.Release|x86.Build.0 = Release|Any CPU
		{51D6334A-49C4-4ED4-9E8A-A468E1F2DBE5}.Debug|Any CPU.ActiveCfg = Debug|Any CPU
		{51D6334A-49C4-4ED4-9E8A-A468E1F2DBE5}.Debug|Any CPU.Build.0 = Debug|Any CPU
		{51D6334A-49C4-4ED4-9E8A-A468E1F2DBE5}.Debug|x64.ActiveCfg = Debug|Any CPU
		{51D6334A-49C4-4ED4-9E8A-A468E1F2DBE5}.Debug|x64.Build.0 = Debug|Any CPU
		{51D6334A-49C4-4ED4-9E8A-A468E1F2DBE5}.Debug|x86.ActiveCfg = Debug|Any CPU
		{51D6334A-49C4-4ED4-9E8A-A468E1F2DBE5}.Debug|x86.Build.0 = Debug|Any CPU
		{51D6334A-49C4-4ED4-9E8A-A468E1F2DBE5}.Release|Any CPU.ActiveCfg = Release|Any CPU
		{51D6334A-49C4-4ED4-9E8A-A468E1F2DBE5}.Release|Any CPU.Build.0 = Release|Any CPU
		{51D6334A-49C4-4ED4-9E8A-A468E1F2DBE5}.Release|x64.ActiveCfg = Release|Any CPU
		{51D6334A-49C4-4ED4-9E8A-A468E1F2DBE5}.Release|x64.Build.0 = Release|Any CPU
		{51D6334A-49C4-4ED4-9E8A-A468E1F2DBE5}.Release|x86.ActiveCfg = Release|Any CPU
		{51D6334A-49C4-4ED4-9E8A-A468E1F2DBE5}.Release|x86.Build.0 = Release|Any CPU
		{3EF490BA-A3A9-4D71-A2E9-F2FB8E45ABC7}.Debug|Any CPU.ActiveCfg = Debug|Any CPU
		{3EF490BA-A3A9-4D71-A2E9-F2FB8E45ABC7}.Debug|Any CPU.Build.0 = Debug|Any CPU
		{3EF490BA-A3A9-4D71-A2E9-F2FB8E45ABC7}.Debug|x64.ActiveCfg = Debug|Any CPU
		{3EF490BA-A3A9-4D71-A2E9-F2FB8E45ABC7}.Debug|x64.Build.0 = Debug|Any CPU
		{3EF490BA-A3A9-4D71-A2E9-F2FB8E45ABC7}.Debug|x86.ActiveCfg = Debug|Any CPU
		{3EF490BA-A3A9-4D71-A2E9-F2FB8E45ABC7}.Debug|x86.Build.0 = Debug|Any CPU
		{3EF490BA-A3A9-4D71-A2E9-F2FB8E45ABC7}.Release|Any CPU.ActiveCfg = Release|Any CPU
		{3EF490BA-A3A9-4D71-A2E9-F2FB8E45ABC7}.Release|Any CPU.Build.0 = Release|Any CPU
		{3EF490BA-A3A9-4D71-A2E9-F2FB8E45ABC7}.Release|x64.ActiveCfg = Release|Any CPU
		{3EF490BA-A3A9-4D71-A2E9-F2FB8E45ABC7}.Release|x64.Build.0 = Release|Any CPU
		{3EF490BA-A3A9-4D71-A2E9-F2FB8E45ABC7}.Release|x86.ActiveCfg = Release|Any CPU
		{3EF490BA-A3A9-4D71-A2E9-F2FB8E45ABC7}.Release|x86.Build.0 = Release|Any CPU
		{815A08B9-621E-43C9-9E59-643F536444DD}.Debug|Any CPU.ActiveCfg = Debug|Any CPU
		{815A08B9-621E-43C9-9E59-643F536444DD}.Debug|Any CPU.Build.0 = Debug|Any CPU
		{815A08B9-621E-43C9-9E59-643F536444DD}.Debug|x64.ActiveCfg = Debug|Any CPU
		{815A08B9-621E-43C9-9E59-643F536444DD}.Debug|x64.Build.0 = Debug|Any CPU
		{815A08B9-621E-43C9-9E59-643F536444DD}.Debug|x86.ActiveCfg = Debug|Any CPU
		{815A08B9-621E-43C9-9E59-643F536444DD}.Debug|x86.Build.0 = Debug|Any CPU
		{815A08B9-621E-43C9-9E59-643F536444DD}.Release|Any CPU.ActiveCfg = Release|Any CPU
		{815A08B9-621E-43C9-9E59-643F536444DD}.Release|Any CPU.Build.0 = Release|Any CPU
		{815A08B9-621E-43C9-9E59-643F536444DD}.Release|x64.ActiveCfg = Release|Any CPU
		{815A08B9-621E-43C9-9E59-643F536444DD}.Release|x64.Build.0 = Release|Any CPU
		{815A08B9-621E-43C9-9E59-643F536444DD}.Release|x86.ActiveCfg = Release|Any CPU
		{815A08B9-621E-43C9-9E59-643F536444DD}.Release|x86.Build.0 = Release|Any CPU
	EndGlobalSection
EndGlobal
